// !$*UTF8*$!
{
	archiveVersion = 1;
	classes = {
	};
	objectVersion = 46;
	objects = {

/* Begin PBXBuildFile section */
		413836FA1CF3989500E2D695 /* AppDelegate.swift in Sources */ = {isa = PBXBuildFile; fileRef = 413836F91CF3989500E2D695 /* AppDelegate.swift */; };
		413836FC1CF3989500E2D695 /* ViewController.swift in Sources */ = {isa = PBXBuildFile; fileRef = 413836FB1CF3989500E2D695 /* ViewController.swift */; };
		413836FF1CF3989500E2D695 /* Main.storyboard in Resources */ = {isa = PBXBuildFile; fileRef = 413836FD1CF3989500E2D695 /* Main.storyboard */; };
		413837021CF3989500E2D695 /* CaptureFlagProject.xcdatamodeld in Sources */ = {isa = PBXBuildFile; fileRef = 413837001CF3989500E2D695 /* CaptureFlagProject.xcdatamodeld */; };
		413837041CF3989500E2D695 /* Assets.xcassets in Resources */ = {isa = PBXBuildFile; fileRef = 413837031CF3989500E2D695 /* Assets.xcassets */; };
		413837071CF3989500E2D695 /* LaunchScreen.storyboard in Resources */ = {isa = PBXBuildFile; fileRef = 413837051CF3989500E2D695 /* LaunchScreen.storyboard */; };
/* End PBXBuildFile section */

/* Begin PBXFileReference section */
		413836F61CF3989500E2D695 /* CaptureFlagProject.app */ = {isa = PBXFileReference; explicitFileType = wrapper.application; includeInIndex = 0; path = CaptureFlagProject.app; sourceTree = BUILT_PRODUCTS_DIR; };
		413836F91CF3989500E2D695 /* AppDelegate.swift */ = {isa = PBXFileReference; lastKnownFileType = sourcecode.swift; path = AppDelegate.swift; sourceTree = "<group>"; };
		413836FB1CF3989500E2D695 /* ViewController.swift */ = {isa = PBXFileReference; lastKnownFileType = sourcecode.swift; path = ViewController.swift; sourceTree = "<group>"; };
		413836FE1CF3989500E2D695 /* Base */ = {isa = PBXFileReference; lastKnownFileType = file.storyboard; name = Base; path = Base.lproj/Main.storyboard; sourceTree = "<group>"; };
		413837011CF3989500E2D695 /* CaptureFlagProject.xcdatamodel */ = {isa = PBXFileReference; lastKnownFileType = wrapper.xcdatamodel; path = CaptureFlagProject.xcdatamodel; sourceTree = "<group>"; };
		413837031CF3989500E2D695 /* Assets.xcassets */ = {isa = PBXFileReference; lastKnownFileType = folder.assetcatalog; path = Assets.xcassets; sourceTree = "<group>"; };
		413837061CF3989500E2D695 /* Base */ = {isa = PBXFileReference; lastKnownFileType = file.storyboard; name = Base; path = Base.lproj/LaunchScreen.storyboard; sourceTree = "<group>"; };
		413837081CF3989500E2D695 /* Info.plist */ = {isa = PBXFileReference; lastKnownFileType = text.plist.xml; path = Info.plist; sourceTree = "<group>"; };
/* End PBXFileReference section */

/* Begin PBXFrameworksBuildPhase section */
		413836F31CF3989500E2D695 /* Frameworks */ = {
			isa = PBXFrameworksBuildPhase;
			buildActionMask = 2147483647;
			files = (
			);
			runOnlyForDeploymentPostprocessing = 0;
		};
/* End PBXFrameworksBuildPhase section */

/* Begin PBXGroup section */
		413836ED1CF3989500E2D695 = {
			isa = PBXGroup;
			children = (
				413836F81CF3989500E2D695 /* CaptureFlagProject */,
				413836F71CF3989500E2D695 /* Products */,
			);
			sourceTree = "<group>";
		};
		413836F71CF3989500E2D695 /* Products */ = {
			isa = PBXGroup;
			children = (
				413836F61CF3989500E2D695 /* CaptureFlagProject.app */,
			);
			name = Products;
			sourceTree = "<group>";
		};
		413836F81CF3989500E2D695 /* CaptureFlagProject */ = {
			isa = PBXGroup;
			children = (
				413836F91CF3989500E2D695 /* AppDelegate.swift */,
				413836FB1CF3989500E2D695 /* ViewController.swift */,
				413836FD1CF3989500E2D695 /* Main.storyboard */,
				413837031CF3989500E2D695 /* Assets.xcassets */,
				413837051CF3989500E2D695 /* LaunchScreen.storyboard */,
				413837081CF3989500E2D695 /* Info.plist */,
				413837001CF3989500E2D695 /* CaptureFlagProject.xcdatamodeld */,
			);
			path = CaptureFlagProject;
			sourceTree = "<group>";
		};
/* End PBXGroup section */

/* Begin PBXNativeTarget section */
		413836F51CF3989500E2D695 /* CaptureFlagProject */ = {
			isa = PBXNativeTarget;
			buildConfigurationList = 4138370B1CF3989500E2D695 /* Build configuration list for PBXNativeTarget "CaptureFlagProject" */;
			buildPhases = (
				413836F21CF3989500E2D695 /* Sources */,
				413836F31CF3989500E2D695 /* Frameworks */,
				413836F41CF3989500E2D695 /* Resources */,
			);
			buildRules = (
			);
			dependencies = (
			);
			name = CaptureFlagProject;
			productName = CaptureFlagProject;
			productReference = 413836F61CF3989500E2D695 /* CaptureFlagProject.app */;
			productType = "com.apple.product-type.application";
		};
/* End PBXNativeTarget section */

/* Begin PBXProject section */
		413836EE1CF3989500E2D695 /* Project object */ = {
			isa = PBXProject;
			attributes = {
				LastSwiftUpdateCheck = 0730;
				LastUpgradeCheck = 0730;
				ORGANIZATIONNAME = "Vu Dinh";
				TargetAttributes = {
					413836F51CF3989500E2D695 = {
						CreatedOnToolsVersion = 7.3;
					};
				};
			};
			buildConfigurationList = 413836F11CF3989500E2D695 /* Build configuration list for PBXProject "CaptureFlagProject" */;
			compatibilityVersion = "Xcode 3.2";
			developmentRegion = English;
			hasScannedForEncodings = 0;
			knownRegions = (
				en,
				Base,
			);
			mainGroup = 413836ED1CF3989500E2D695;
			productRefGroup = 413836F71CF3989500E2D695 /* Products */;
			projectDirPath = "";
			projectRoot = "";
			targets = (
				413836F51CF3989500E2D695 /* CaptureFlagProject */,
			);
		};
/* End PBXProject section */

/* Begin PBXResourcesBuildPhase section */
		413836F41CF3989500E2D695 /* Resources */ = {
			isa = PBXResourcesBuildPhase;
			buildActionMask = 2147483647;
			files = (
				413837071CF3989500E2D695 /* LaunchScreen.storyboard in Resources */,
				413837041CF3989500E2D695 /* Assets.xcassets in Resources */,
				413836FF1CF3989500E2D695 /* Main.storyboard in Resources */,
			);
			runOnlyForDeploymentPostprocessing = 0;
		};
/* End PBXResourcesBuildPhase section */

/* Begin PBXSourcesBuildPhase section */
		413836F21CF3989500E2D695 /* Sources */ = {
			isa = PBXSourcesBuildPhase;
			buildActionMask = 2147483647;
			files = (
				413837021CF3989500E2D695 /* CaptureFlagProject.xcdatamodeld in Sources */,
				413836FC1CF3989500E2D695 /* ViewController.swift in Sources */,
				413836FA1CF3989500E2D695 /* AppDelegate.swift in Sources */,
			);
			runOnlyForDeploymentPostprocessing = 0;
		};
/* End PBXSourcesBuildPhase section */

/* Begin PBXVariantGroup section */
		413836FD1CF3989500E2D695 /* Main.storyboard */ = {
			isa = PBXVariantGroup;
			children = (
				413836FE1CF3989500E2D695 /* Base */,
			);
			name = Main.storyboard;
			sourceTree = "<group>";
		};
		413837051CF3989500E2D695 /* LaunchScreen.storyboard */ = {
			isa = PBXVariantGroup;
			children = (
				413837061CF3989500E2D695 /* Base */,
			);
			name = LaunchScreen.storyboard;
			sourceTree = "<group>";
		};
/* End PBXVariantGroup section */

/* Begin XCBuildConfiguration section */
		413837091CF3989500E2D695 /* Debug */ = {
			isa = XCBuildConfiguration;
			buildSettings = {
				ALWAYS_SEARCH_USER_PATHS = NO;
				CLANG_ANALYZER_NONNULL = YES;
				CLANG_CXX_LANGUAGE_STANDARD = "gnu++0x";
				CLANG_CXX_LIBRARY = "libc++";
				CLANG_ENABLE_MODULES = YES;
				CLANG_ENABLE_OBJC_ARC = YES;
				CLANG_WARN_BOOL_CONVERSION = YES;
				CLANG_WARN_CONSTANT_CONVERSION = YES;
				CLANG_WARN_DIRECT_OBJC_ISA_USAGE = YES_ERROR;
				CLANG_WARN_EMPTY_BODY = YES;
				CLANG_WARN_ENUM_CONVERSION = YES;
				CLANG_WARN_INT_CONVERSION = YES;
				CLANG_WARN_OBJC_ROOT_CLASS = YES_ERROR;
				CLANG_WARN_UNREACHABLE_CODE = YES;
				CLANG_WARN__DUPLICATE_METHOD_MATCH = YES;
				"CODE_SIGN_IDENTITY[sdk=iphoneos*]" = "iPhone Developer";
				COPY_PHASE_STRIP = NO;
				DEBUG_INFORMATION_FORMAT = dwarf;
				ENABLE_STRICT_OBJC_MSGSEND = YES;
				ENABLE_TESTABILITY = YES;
				GCC_C_LANGUAGE_STANDARD = gnu99;
				GCC_DYNAMIC_NO_PIC = NO;
				GCC_NO_COMMON_BLOCKS = YES;
				GCC_OPTIMIZATION_LEVEL = 0;
				GCC_PREPROCESSOR_DEFINITIONS = (
					"DEBUG=1",
					"$(inherited)",
				);
				GCC_WARN_64_TO_32_BIT_CONVERSION = YES;
				GCC_WARN_ABOUT_RETURN_TYPE = YES_ERROR;
				GCC_WARN_UNDECLARED_SELECTOR = YES;
				GCC_WARN_UNINITIALIZED_AUTOS = YES_AGGRESSIVE;
				GCC_WARN_UNUSED_FUNCTION = YES;
				GCC_WARN_UNUSED_VARIABLE = YES;
				IPHONEOS_DEPLOYMENT_TARGET = 9.3;
				MTL_ENABLE_DEBUG_INFO = YES;
				ONLY_ACTIVE_ARCH = YES;
				SDKROOT = iphoneos;
				SWIFT_OPTIMIZATION_LEVEL = "-Onone";
				TARGETED_DEVICE_FAMILY = "1,2";
			};
			name = Debug;
		};
		4138370A1CF3989500E2D695 /* Release */ = {
			isa = XCBuildConfiguration;
			buildSettings = {
				ALWAYS_SEARCH_USER_PATHS = NO;
				CLANG_ANALYZER_NONNULL = YES;
				CLANG_CXX_LANGUAGE_STANDARD = "gnu++0x";
				CLANG_CXX_LIBRARY = "libc++";
				CLANG_ENABLE_MODULES = YES;
				CLANG_ENABLE_OBJC_ARC = YES;
				CLANG_WARN_BOOL_CONVERSION = YES;
				CLANG_WARN_CONSTANT_CONVERSION = YES;
				CLANG_WARN_DIRECT_OBJC_ISA_USAGE = YES_ERROR;
				CLANG_WARN_EMPTY_BODY = YES;
				CLANG_WARN_ENUM_CONVERSION = YES;
				CLANG_WARN_INT_CONVERSION = YES;
				CLANG_WARN_OBJC_ROOT_CLASS = YES_ERROR;
				CLANG_WARN_UNREACHABLE_CODE = YES;
				CLANG_WARN__DUPLICATE_METHOD_MATCH = YES;
				"CODE_SIGN_IDENTITY[sdk=iphoneos*]" = "iPhone Developer";
				COPY_PHASE_STRIP = NO;
				DEBUG_INFORMATION_FORMAT = "dwarf-with-dsym";
				ENABLE_NS_ASSERTIONS = NO;
				ENABLE_STRICT_OBJC_MSGSEND = YES;
				GCC_C_LANGUAGE_STANDARD = gnu99;
				GCC_NO_COMMON_BLOCKS = YES;
				GCC_WARN_64_TO_32_BIT_CONVERSION = YES;
				GCC_WARN_ABOUT_RETURN_TYPE = YES_ERROR;
				GCC_WARN_UNDECLARED_SELECTOR = YES;
				GCC_WARN_UNINITIALIZED_AUTOS = YES_AGGRESSIVE;
				GCC_WARN_UNUSED_FUNCTION = YES;
				GCC_WARN_UNUSED_VARIABLE = YES;
				IPHONEOS_DEPLOYMENT_TARGET = 9.3;
				MTL_ENABLE_DEBUG_INFO = NO;
				SDKROOT = iphoneos;
				TARGETED_DEVICE_FAMILY = "1,2";
				VALIDATE_PRODUCT = YES;
			};
			name = Release;
		};
		4138370C1CF3989500E2D695 /* Debug */ = {
			isa = XCBuildConfiguration;
			buildSettings = {
				ASSETCATALOG_COMPILER_APPICON_NAME = AppIcon;
				INFOPLIST_FILE = CaptureFlagProject/Info.plist;
				LD_RUNPATH_SEARCH_PATHS = "$(inherited) @executable_path/Frameworks";
				PRODUCT_BUNDLE_IDENTIFIER = VuDinh.CaptureFlagProject;
				PRODUCT_NAME = "$(TARGET_NAME)";
			};
			name = Debug;
		};
		4138370D1CF3989500E2D695 /* Release */ = {
			isa = XCBuildConfiguration;
			buildSettings = {
				ASSETCATALOG_COMPILER_APPICON_NAME = AppIcon;
				INFOPLIST_FILE = CaptureFlagProject/Info.plist;
				LD_RUNPATH_SEARCH_PATHS = "$(inherited) @executable_path/Frameworks";
				PRODUCT_BUNDLE_IDENTIFIER = VuDinh.CaptureFlagProject;
				PRODUCT_NAME = "$(TARGET_NAME)";
			};
			name = Release;
		};
/* End XCBuildConfiguration section */

/* Begin XCConfigurationList section */
		413836F11CF3989500E2D695 /* Build configuration list for PBXProject "CaptureFlagProject" */ = {
			isa = XCConfigurationList;
			buildConfigurations = (
				413837091CF3989500E2D695 /* Debug */,
				4138370A1CF3989500E2D695 /* Release */,
			);
			defaultConfigurationIsVisible = 0;
			defaultConfigurationName = Release;
		};
		4138370B1CF3989500E2D695 /* Build configuration list for PBXNativeTarget "CaptureFlagProject" */ = {
			isa = XCConfigurationList;
			buildConfigurations = (
				4138370C1CF3989500E2D695 /* Debug */,
				4138370D1CF3989500E2D695 /* Release */,
			);
			defaultConfigurationIsVisible = 0;
		};
/* End XCConfigurationList section */

/* Begin XCVersionGroup section */
		413837001CF3989500E2D695 /* CaptureFlagProject.xcdatamodeld */ = {
			isa = XCVersionGroup;
			children = (
				413837011CF3989500E2D695 /* CaptureFlagProject.xcdatamodel */,
			);
			currentVersion = 413837011CF3989500E2D695 /* CaptureFlagProject.xcdatamodel */;
			path = CaptureFlagProject.xcdatamodeld;
			sourceTree = "<group>";
			versionGroupType = wrapper.xcdatamodel;
		};
/* End XCVersionGroup section */
	};
	rootObject = 413836EE1CF3989500E2D695 /* Project object */;
}
